
Microsoft Visual Studio Solution File, Format Version 12.00
Project("{FAE04EC0-301F-11D3-BF4B-00C04F79EFBC}") = "Homeworks", "Homeworks\Homeworks.csproj", "{0214F885-14FB-470A-AD53-341B710FDE2C}"
EndProject
Global
	GlobalSection(SolutionConfigurationPlatforms) = preSolution
		Debug|Any CPU = Debug|Any CPU
		Release|Any CPU = Release|Any CPU
	EndGlobalSection
	GlobalSection(ProjectConfigurationPlatforms) = postSolution
		{0214F885-14FB-470A-AD53-341B710FDE2C}.Debug|Any CPU.ActiveCfg = Debug|Any CPU
		{0214F885-14FB-470A-AD53-341B710FDE2C}.Debug|Any CPU.Build.0 = Debug|Any CPU
		{0214F885-14FB-470A-AD53-341B710FDE2C}.Release|Any CPU.ActiveCfg = Release|Any CPU
		{0214F885-14FB-470A-AD53-341B710FDE2C}.Release|Any CPU.Build.0 = Release|Any CPU
	EndGlobalSection
EndGlobal
